
Microsoft Visual Studio Solution File, Format Version 12.00
# Visual Studio Version 16
VisualStudioVersion = 16.0.30621.155
MinimumVisualStudioVersion = 10.0.40219.1
Project("{8BC9CEB8-8B4A-11D0-8D11-00A0C91BC942}") = "Project 8.1-1(char)", "Project 8.1-1(char).vcxproj", "{E8B6DD79-E9D4-4501-8538-D18ED2C555A9}"
EndProject
Project("{8BC9CEB8-8B4A-11D0-8D11-00A0C91BC942}") = "UnitTest8.1-1.3", "UnitTest8.1-1.3\UnitTest8.1-1.3.vcxproj", "{FD3DA6F8-D4E4-44E2-9C50-9BBC3E80DF3C}"
EndProject
Global
	GlobalSection(SolutionConfigurationPlatforms) = preSolution
		Debug|x64 = Debug|x64
		Debug|x86 = Debug|x86
		Release|x64 = Release|x64
		Release|x86 = Release|x86
	EndGlobalSection
	GlobalSection(ProjectConfigurationPlatforms) = postSolution
		{E8B6DD79-E9D4-4501-8538-D18ED2C555A9}.Debug|x64.ActiveCfg = Debug|x64
		{E8B6DD79-E9D4-4501-8538-D18ED2C555A9}.Debug|x64.Build.0 = Debug|x64
		{E8B6DD79-E9D4-4501-8538-D18ED2C555A9}.Debug|x86.ActiveCfg = Debug|Win32
		{E8B6DD79-E9D4-4501-8538-D18ED2C555A9}.Debug|x86.Build.0 = Debug|Win32
		{E8B6DD79-E9D4-4501-8538-D18ED2C555A9}.Release|x64.ActiveCfg = Release|x64
		{E8B6DD79-E9D4-4501-8538-D18ED2C555A9}.Release|x64.Build.0 = Release|x64
		{E8B6DD79-E9D4-4501-8538-D18ED2C555A9}.Release|x86.ActiveCfg = Release|Win32
		{E8B6DD79-E9D4-4501-8538-D18ED2C555A9}.Release|x86.Build.0 = Release|Win32
		{FD3DA6F8-D4E4-44E2-9C50-9BBC3E80DF3C}.Debug|x64.ActiveCfg = Debug|x64
		{FD3DA6F8-D4E4-44E2-9C50-9BBC3E80DF3C}.Debug|x64.Build.0 = Debug|x64
		{FD3DA6F8-D4E4-44E2-9C50-9BBC3E80DF3C}.Debug|x86.ActiveCfg = Debug|Win32
		{FD3DA6F8-D4E4-44E2-9C50-9BBC3E80DF3C}.Debug|x86.Build.0 = Debug|Win32
		{FD3DA6F8-D4E4-44E2-9C50-9BBC3E80DF3C}.Release|x64.ActiveCfg = Release|x64
		{FD3DA6F8-D4E4-44E2-9C50-9BBC3E80DF3C}.Release|x64.Build.0 = Release|x64
		{FD3DA6F8-D4E4-44E2-9C50-9BBC3E80DF3C}.Release|x86.ActiveCfg = Release|Win32
		{FD3DA6F8-D4E4-44E2-9C50-9BBC3E80DF3C}.Release|x86.Build.0 = Release|Win32
	EndGlobalSection
	GlobalSection(SolutionProperties) = preSolution
		HideSolutionNode = FALSE
	EndGlobalSection
	GlobalSection(ExtensibilityGlobals) = postSolution
		SolutionGuid = {20F04D79-641D-4C46-8F0F-6DB19A62D179}
	EndGlobalSection
EndGlobal
